# THIS IS AN AUTOGENERATED FILE. DO NOT EDIT THIS FILE DIRECTLY.
# yarn lockfile v1


create-tauri-app-darwin-arm64@3.6.2:
  version "3.6.2"
  resolved "https://registry.yarnpkg.com/create-tauri-app-darwin-arm64/-/create-tauri-app-darwin-arm64-3.6.2.tgz#1b5698a6d5ece4193ae8c2475e6d614a5e208769"
  integrity sha512-tsyFMd1K9gVf9nCD/YU+Zrln/uUM0iycQkd2Y5pQZrQLHou+6Xr2s5HxRggPDkVJdcHyzL8gBmWm9XAnLOWc+g==

create-tauri-app-darwin-x64@3.6.2:
  version "3.6.2"
  resolved "https://registry.yarnpkg.com/create-tauri-app-darwin-x64/-/create-tauri-app-darwin-x64-3.6.2.tgz#9a6ee448fa38a4b6a3b0c8025890f51479e02727"
  integrity sha512-9LZoXrBxSuYZeAmYdKVSrhC46pITgcTALvvJMvRPtO7t8z2R3TqCsCtBgKur983XGfMhZNFk2ZS/79SXx3FX3g==

create-tauri-app-linux-arm-gnueabihf@3.6.2:
  version "3.6.2"
  resolved "https://registry.yarnpkg.com/create-tauri-app-linux-arm-gnueabihf/-/create-tauri-app-linux-arm-gnueabihf-3.6.2.tgz#210bb1feddb4e3e6c7971a51ef23c613fa825ff9"
  integrity sha512-DwW3Zob9Nz9Sj9eEbWkF1P14yEZUjBRW4FcsN0HtjOwD3JhyABQZbCU1oSlN8y799G2V/LKPBktmqQjtzLEC0Q==

create-tauri-app-linux-arm64-gnu@3.6.2:
  version "3.6.2"
  resolved "https://registry.yarnpkg.com/create-tauri-app-linux-arm64-gnu/-/create-tauri-app-linux-arm64-gnu-3.6.2.tgz#2bd54b33b8b8166e0035cfcd341b04536b024dc6"
  integrity sha512-QeOgx9EoZtU/BeU5tiTe2uY1TXlYHPkHslYcn9mdBoq0l52DU1k8UMSSsv/Y5B2Hw1UDbxZbs4DcP3VcE58vbA==

create-tauri-app-linux-arm64-musl@3.6.2:
  version "3.6.2"
  resolved "https://registry.yarnpkg.com/create-tauri-app-linux-arm64-musl/-/create-tauri-app-linux-arm64-musl-3.6.2.tgz#3f8c0feeae5fba4569e9b70e330b8df3aef02ab2"
  integrity sha512-3CRh+g4KsW9J5ePROGK1sGDOPZLBVdjIEjf6VGX8Yn7ATcpcXYAWUqp0wFlRn/77agfTEVkbO6KDU1XwoH09ww==

create-tauri-app-linux-x64-gnu@3.6.2:
  version "3.6.2"
  resolved "https://registry.yarnpkg.com/create-tauri-app-linux-x64-gnu/-/create-tauri-app-linux-x64-gnu-3.6.2.tgz#b5ec1eeb700833526ba1f34ed170d021b2e3e7d2"
  integrity sha512-hrPWeUvJx5UPpFS9IAlMr7tvtajZdZyoRpOuMltJP6jgD6HINQfMoYy/yuXsdzxevro6YL03BxJ7IsOsh4IcMQ==

create-tauri-app-linux-x64-musl@3.6.2:
  version "3.6.2"
  resolved "https://registry.yarnpkg.com/create-tauri-app-linux-x64-musl/-/create-tauri-app-linux-x64-musl-3.6.2.tgz#879f94392faa9cad2a5a8bdda835400c0b2e82ed"
  integrity sha512-PNWiv7BaedZEEGeb15Jgl7VWkPOcv8eMQOaoEad+ZqbpnNClRqXFYqHuxR4xzZAsOi3HxkEFeUJlVQKH4ED9ew==

create-tauri-app-win32-arm64-msvc@3.6.2:
  version "3.6.2"
  resolved "https://registry.yarnpkg.com/create-tauri-app-win32-arm64-msvc/-/create-tauri-app-win32-arm64-msvc-3.6.2.tgz#0c13c2b61df7710274c31b5137c3f1e71d334168"
  integrity sha512-O3wmh0zsjGxajN24xKY4SWx4Pbpb7guQii54Z9yh4AkLEqCaEt3/ssRNZcqoWqJG6qj6NmIcAzocBrLerEpBiA==

create-tauri-app-win32-ia32-msvc@3.6.2:
  version "3.6.2"
  resolved "https://registry.yarnpkg.com/create-tauri-app-win32-ia32-msvc/-/create-tauri-app-win32-ia32-msvc-3.6.2.tgz#9f072f14ad804d855ffbecb03abf413efbb3e298"
  integrity sha512-XZIly0J4TnVQ+M4IAZHRb6e4P5wERMlpsT3UMZaae2KPqD0B7fORs0gxVBg3BWbumPWs7JLQ6Ne/GM/na1UbPQ==

create-tauri-app-win32-x64-msvc@3.6.2:
  version "3.6.2"
  resolved "https://registry.yarnpkg.com/create-tauri-app-win32-x64-msvc/-/create-tauri-app-win32-x64-msvc-3.6.2.tgz#01466ec9c52b7a99f6a6f317f5a0aaee0a2d0cf7"
  integrity sha512-msDquD6vjxGZLVkWtwv3G5W6V5y7fvt+qgTH3fuWBaoKeSroa4OaWScDxDUkfGUIBIPwsz9l/c5+j5zGZuweNg==

create-tauri-app@^3.6.2:
  version "3.6.2"
  resolved "https://registry.yarnpkg.com/create-tauri-app/-/create-tauri-app-3.6.2.tgz#d2762a8ca55b44bec6ef2b56deee2e6079b9fad0"
  integrity sha512-sU6kwGAbLRZfWXSh7SXtQk0uPMYpZEOHjAT3yt/fwKfd3AUY8904W0NbVQU7nZwgGVx6g6TT0QTjyCVBL6n/Mg==
  optionalDependencies:
    create-tauri-app-darwin-arm64 "3.6.2"
    create-tauri-app-darwin-x64 "3.6.2"
    create-tauri-app-linux-arm-gnueabihf "3.6.2"
    create-tauri-app-linux-arm64-gnu "3.6.2"
    create-tauri-app-linux-arm64-musl "3.6.2"
    create-tauri-app-linux-x64-gnu "3.6.2"
    create-tauri-app-linux-x64-musl "3.6.2"
    create-tauri-app-win32-arm64-msvc "3.6.2"
    create-tauri-app-win32-ia32-msvc "3.6.2"
    create-tauri-app-win32-x64-msvc "3.6.2"
