# THIS IS AN AUTOGENERATED FILE. DO NOT EDIT THIS FILE DIRECTLY.
# yarn lockfile v1


create-next-app@^12.1.6:
  version "12.1.6"
  resolved "https://registry.yarnpkg.com/create-next-app/-/create-next-app-12.1.6.tgz#aae9ece49294c7e53707119a80c89621f75ad41c"
  integrity sha512-125xBKrrzL+JHKVOKrCNGuNlo1MZ+966iVVUWZvqTkkiZ0Mn2br49woU6UoriIH3OET857TTF/ol3nQPJ/eizg==
